
Microsoft Visual Studio Solution File, Format Version 12.00
# Visual Studio Version 16
VisualStudioVersion = 16.0.31019.35
MinimumVisualStudioVersion = 10.0.40219.1
Project("{9A19103F-16F7-4668-BE54-9A1E7A4F7556}") = "CUBE.CodingChallenge.API", "CUBE.CodingChallenge.API\CUBE.CodingChallenge.API.csproj", "{42358A70-F09A-403D-8026-0F7374D6ED5C}"
EndProject
Project("{9A19103F-16F7-4668-BE54-9A1E7A4F7556}") = "CUBE.CodingChallenge.API.UnitTests", "CUBE.CodingChallenge.API.UnitTests\CUBE.CodingChallenge.API.UnitTests.csproj", "{973A554F-5EF9-4B27-8DF6-2E5429BE273C}"
EndProject
Project("{2150E333-8FDC-42A3-9474-1A3956D46DE8}") = "Solution Items", "Solution Items", "{02D42D6C-CF0A-497C-BA73-8618B70F5C93}"
	ProjectSection(SolutionItems) = preProject
		.github\workflows\continuous-integration.yml = .github\workflows\continuous-integration.yml
		README.md = README.md
	EndProjectSection
EndProject
Global
	GlobalSection(SolutionConfigurationPlatforms) = preSolution
		Debug|Any CPU = Debug|Any CPU
		Release|Any CPU = Release|Any CPU
	EndGlobalSection
	GlobalSection(ProjectConfigurationPlatforms) = postSolution
		{42358A70-F09A-403D-8026-0F7374D6ED5C}.Debug|Any CPU.ActiveCfg = Debug|Any CPU
		{42358A70-F09A-403D-8026-0F7374D6ED5C}.Debug|Any CPU.Build.0 = Debug|Any CPU
		{42358A70-F09A-403D-8026-0F7374D6ED5C}.Release|Any CPU.ActiveCfg = Release|Any CPU
		{42358A70-F09A-403D-8026-0F7374D6ED5C}.Release|Any CPU.Build.0 = Release|Any CPU
		{973A554F-5EF9-4B27-8DF6-2E5429BE273C}.Debug|Any CPU.ActiveCfg = Debug|Any CPU
		{973A554F-5EF9-4B27-8DF6-2E5429BE273C}.Debug|Any CPU.Build.0 = Debug|Any CPU
		{973A554F-5EF9-4B27-8DF6-2E5429BE273C}.Release|Any CPU.ActiveCfg = Release|Any CPU
		{973A554F-5EF9-4B27-8DF6-2E5429BE273C}.Release|Any CPU.Build.0 = Release|Any CPU
	EndGlobalSection
	GlobalSection(SolutionProperties) = preSolution
		HideSolutionNode = FALSE
	EndGlobalSection
	GlobalSection(ExtensibilityGlobals) = postSolution
		SolutionGuid = {51EBD40F-5149-4ACE-9B29-C529272B08E0}
	EndGlobalSection
EndGlobal
